// !$*UTF8*$!
{
	archiveVersion = 1;
	classes = {
	};
	objectVersion = 56;
	objects = {

/* Begin PBXBuildFile section */
		B5012B012C47F4CD00C39BF9 /* NotesContainer.xcdatamodeld in Sources */ = {isa = PBXBuildFile; fileRef = B5012AFF2C47F4CD00C39BF9 /* NotesContainer.xcdatamodeld */; };
		B5012B022C47F4D300C39BF9 /* NotesContainer.xcdatamodeld in Sources */ = {isa = PBXBuildFile; fileRef = B5012AFF2C47F4CD00C39BF9 /* NotesContainer.xcdatamodeld */; };
		B5B35EEB2C47F7CE00DB701E /* CategoryView.swift in Sources */ = {isa = PBXBuildFile; fileRef = B5B35EEA2C47F7CE00DB701E /* CategoryView.swift */; };
		B5B35EED2C47F7DB00DB701E /* StatusView.swift in Sources */ = {isa = PBXBuildFile; fileRef = B5B35EEC2C47F7DB00DB701E /* StatusView.swift */; };
		B5B35EEF2C47F7F400DB701E /* StatusComponent.swift in Sources */ = {isa = PBXBuildFile; fileRef = B5B35EEE2C47F7F400DB701E /* StatusComponent.swift */; };
		B5B35EF12C47F80100DB701E /* CategoryComponent.swift in Sources */ = {isa = PBXBuildFile; fileRef = B5B35EF02C47F80100DB701E /* CategoryComponent.swift */; };
		B5B35EF32C47F80E00DB701E /* LogComponent.swift in Sources */ = {isa = PBXBuildFile; fileRef = B5B35EF22C47F80E00DB701E /* LogComponent.swift */; };
		B5B35EF52C47F81A00DB701E /* LogView.swift in Sources */ = {isa = PBXBuildFile; fileRef = B5B35EF42C47F81A00DB701E /* LogView.swift */; };
		FB3BF6132C3BB29300A9406D /* NotesAnxietyApp.swift in Sources */ = {isa = PBXBuildFile; fileRef = FB3BF6122C3BB29300A9406D /* NotesAnxietyApp.swift */; };
		FB3BF6152C3BB29300A9406D /* ContentView.swift in Sources */ = {isa = PBXBuildFile; fileRef = FB3BF6142C3BB29300A9406D /* ContentView.swift */; };
		FB3BF6172C3BB29400A9406D /* Assets.xcassets in Resources */ = {isa = PBXBuildFile; fileRef = FB3BF6162C3BB29400A9406D /* Assets.xcassets */; };
		FB3BF61A2C3BB29400A9406D /* Preview Assets.xcassets in Resources */ = {isa = PBXBuildFile; fileRef = FB3BF6192C3BB29400A9406D /* Preview Assets.xcassets */; };
		FB5CBA0A2C441B2E003DF098 /* HistoryNotesView.swift in Sources */ = {isa = PBXBuildFile; fileRef = FB5CBA092C441B2E003DF098 /* HistoryNotesView.swift */; };
		FB5CBA0C2C442E4A003DF098 /* ProgressState.swift in Sources */ = {isa = PBXBuildFile; fileRef = FB5CBA0B2C442E4A003DF098 /* ProgressState.swift */; };
		FB5CBA0E2C443450003DF098 /* TemporaryNoteModel.swift in Sources */ = {isa = PBXBuildFile; fileRef = FB5CBA0D2C443450003DF098 /* TemporaryNoteModel.swift */; };
		FBA9D6CA2C46215B00BF7988 /* WidgetKit.framework in Frameworks */ = {isa = PBXBuildFile; fileRef = FBA9D6B02C46213500BF7988 /* WidgetKit.framework */; };
		FBA9D6CB2C46215B00BF7988 /* SwiftUI.framework in Frameworks */ = {isa = PBXBuildFile; fileRef = FBA9D6B22C46213500BF7988 /* SwiftUI.framework */; };
		FBA9D6CE2C46215B00BF7988 /* NotesWidgetBundle.swift in Sources */ = {isa = PBXBuildFile; fileRef = FBA9D6CD2C46215B00BF7988 /* NotesWidgetBundle.swift */; };
		FBA9D6D22C46215B00BF7988 /* AppIntent.swift in Sources */ = {isa = PBXBuildFile; fileRef = FBA9D6D12C46215B00BF7988 /* AppIntent.swift */; };
		FBA9D6D42C46215C00BF7988 /* Assets.xcassets in Resources */ = {isa = PBXBuildFile; fileRef = FBA9D6D32C46215C00BF7988 /* Assets.xcassets */; };
		FBA9D6D82C46215C00BF7988 /* NotesWidgetExtension.appex in Embed Foundation Extensions */ = {isa = PBXBuildFile; fileRef = FBA9D6C92C46215B00BF7988 /* NotesWidgetExtension.appex */; settings = {ATTRIBUTES = (RemoveHeadersOnCopy, ); }; };
		FBA9D6DF2C46218D00BF7988 /* PersistenceController.swift in Sources */ = {isa = PBXBuildFile; fileRef = FBA9D6DE2C46218D00BF7988 /* PersistenceController.swift */; };
		FBA9D6E12C46268700BF7988 /* ImagePickerComponent.swift in Sources */ = {isa = PBXBuildFile; fileRef = FBA9D6E02C46268700BF7988 /* ImagePickerComponent.swift */; };
		FBA9D6E32C4626AB00BF7988 /* AudioRecorderComponent.swift in Sources */ = {isa = PBXBuildFile; fileRef = FBA9D6E22C4626AB00BF7988 /* AudioRecorderComponent.swift */; };
		FBA9D6ED2C467AD700BF7988 /* CellButtonEdit.swift in Sources */ = {isa = PBXBuildFile; fileRef = FBA9D6EC2C467AD700BF7988 /* CellButtonEdit.swift */; };
		FBA9D6F42C47836500BF7988 /* AnxietyLevelType.swift in Sources */ = {isa = PBXBuildFile; fileRef = FBA9D6F32C47836500BF7988 /* AnxietyLevelType.swift */; };
		FBA9D6F82C47843B00BF7988 /* TimePeriod.swift in Sources */ = {isa = PBXBuildFile; fileRef = FBA9D6F72C47843B00BF7988 /* TimePeriod.swift */; };
		FBA9D6FA2C4784D800BF7988 /* ChartView.swift in Sources */ = {isa = PBXBuildFile; fileRef = FBA9D6F92C4784D800BF7988 /* ChartView.swift */; };
		FBA9D6FC2C47A6C800BF7988 /* NotificationManager.swift in Sources */ = {isa = PBXBuildFile; fileRef = FBA9D6FB2C47A6C800BF7988 /* NotificationManager.swift */; };
		FBA9D6FE2C47B74700BF7988 /* AnalyticsView.swift in Sources */ = {isa = PBXBuildFile; fileRef = FBA9D6FD2C47B74700BF7988 /* AnalyticsView.swift */; };
		FBA9D71A2C48361000BF7988 /* AnxietyTemporaryModel.swift in Sources */ = {isa = PBXBuildFile; fileRef = FBA9D7192C48361000BF7988 /* AnxietyTemporaryModel.swift */; };
		FBCC492B2C3F692E0022F62C /* EditNotesView.swift in Sources */ = {isa = PBXBuildFile; fileRef = FBCC49272C3F692E0022F62C /* EditNotesView.swift */; };
		FBCC492C2C3F692E0022F62C /* ListCellView.swift in Sources */ = {isa = PBXBuildFile; fileRef = FBCC49282C3F692E0022F62C /* ListCellView.swift */; };
		FBCC492D2C3F692E0022F62C /* TextEditorView.swift in Sources */ = {isa = PBXBuildFile; fileRef = FBCC49292C3F692E0022F62C /* TextEditorView.swift */; };
		FBCC49302C3F694B0022F62C /* Extensions.swift in Sources */ = {isa = PBXBuildFile; fileRef = FBCC492F2C3F694B0022F62C /* Extensions.swift */; };
		FBCC49322C3F695F0022F62C /* NotesViewModel.swift in Sources */ = {isa = PBXBuildFile; fileRef = FBCC49312C3F695F0022F62C /* NotesViewModel.swift */; };
		FBCC493B2C3F70F20022F62C /* AppError.swift in Sources */ = {isa = PBXBuildFile; fileRef = FBCC493A2C3F70F20022F62C /* AppError.swift */; };
		FBECCD312C3D77D20089CEE8 /* HealthService.swift in Sources */ = {isa = PBXBuildFile; fileRef = FBECCD302C3D77D20089CEE8 /* HealthService.swift */; };
		FBECCD332C3E453E0089CEE8 /* DependencyInjection.swift in Sources */ = {isa = PBXBuildFile; fileRef = FBECCD322C3E453E0089CEE8 /* DependencyInjection.swift */; };
		FBECCD352C3E463B0089CEE8 /* LocalDataService.swift in Sources */ = {isa = PBXBuildFile; fileRef = FBECCD342C3E463B0089CEE8 /* LocalDataService.swift */; };
		FBF68B8A2C44686100689EC2 /* InsightView.swift in Sources */ = {isa = PBXBuildFile; fileRef = FBF68B892C44686100689EC2 /* InsightView.swift */; };
		FBF68B8C2C446A8000689EC2 /* DataPointModel.swift in Sources */ = {isa = PBXBuildFile; fileRef = FBF68B8B2C446A8000689EC2 /* DataPointModel.swift */; };
/* End PBXBuildFile section */

/* Begin PBXContainerItemProxy section */
		FBA9D6D62C46215C00BF7988 /* PBXContainerItemProxy */ = {
			isa = PBXContainerItemProxy;
			containerPortal = FB3BF6072C3BB29300A9406D /* Project object */;
			proxyType = 1;
			remoteGlobalIDString = FBA9D6C82C46215A00BF7988;
			remoteInfo = NotesWidgetExtension;
		};
/* End PBXContainerItemProxy section */

/* Begin PBXCopyFilesBuildPhase section */
		FBA9D6C42C46213600BF7988 /* Embed Foundation Extensions */ = {
			isa = PBXCopyFilesBuildPhase;
			buildActionMask = 2147483647;
			dstPath = "";
			dstSubfolderSpec = 13;
			files = (
				FBA9D6D82C46215C00BF7988 /* NotesWidgetExtension.appex in Embed Foundation Extensions */,
			);
			name = "Embed Foundation Extensions";
			runOnlyForDeploymentPostprocessing = 0;
		};
/* End PBXCopyFilesBuildPhase section */

/* Begin PBXFileReference section */
		B5012B002C47F4CD00C39BF9 /* NotesContainer.xcdatamodel */ = {isa = PBXFileReference; lastKnownFileType = wrapper.xcdatamodel; path = NotesContainer.xcdatamodel; sourceTree = "<group>"; };
		B5B35EEA2C47F7CE00DB701E /* CategoryView.swift */ = {isa = PBXFileReference; lastKnownFileType = sourcecode.swift; path = CategoryView.swift; sourceTree = "<group>"; };
		B5B35EEC2C47F7DB00DB701E /* StatusView.swift */ = {isa = PBXFileReference; lastKnownFileType = sourcecode.swift; path = StatusView.swift; sourceTree = "<group>"; };
		B5B35EEE2C47F7F400DB701E /* StatusComponent.swift */ = {isa = PBXFileReference; lastKnownFileType = sourcecode.swift; path = StatusComponent.swift; sourceTree = "<group>"; };
		B5B35EF02C47F80100DB701E /* CategoryComponent.swift */ = {isa = PBXFileReference; lastKnownFileType = sourcecode.swift; path = CategoryComponent.swift; sourceTree = "<group>"; };
		B5B35EF22C47F80E00DB701E /* LogComponent.swift */ = {isa = PBXFileReference; lastKnownFileType = sourcecode.swift; path = LogComponent.swift; sourceTree = "<group>"; };
		B5B35EF42C47F81A00DB701E /* LogView.swift */ = {isa = PBXFileReference; lastKnownFileType = sourcecode.swift; path = LogView.swift; sourceTree = "<group>"; };
		FB3BF60F2C3BB29300A9406D /* NotesAnxiety.app */ = {isa = PBXFileReference; explicitFileType = wrapper.application; includeInIndex = 0; path = NotesAnxiety.app; sourceTree = BUILT_PRODUCTS_DIR; };
		FB3BF6122C3BB29300A9406D /* NotesAnxietyApp.swift */ = {isa = PBXFileReference; lastKnownFileType = sourcecode.swift; path = NotesAnxietyApp.swift; sourceTree = "<group>"; };
		FB3BF6142C3BB29300A9406D /* ContentView.swift */ = {isa = PBXFileReference; lastKnownFileType = sourcecode.swift; path = ContentView.swift; sourceTree = "<group>"; };
		FB3BF6162C3BB29400A9406D /* Assets.xcassets */ = {isa = PBXFileReference; lastKnownFileType = folder.assetcatalog; path = Assets.xcassets; sourceTree = "<group>"; };
		FB3BF6192C3BB29400A9406D /* Preview Assets.xcassets */ = {isa = PBXFileReference; lastKnownFileType = folder.assetcatalog; path = "Preview Assets.xcassets"; sourceTree = "<group>"; };
		FB5CBA092C441B2E003DF098 /* HistoryNotesView.swift */ = {isa = PBXFileReference; lastKnownFileType = sourcecode.swift; path = HistoryNotesView.swift; sourceTree = "<group>"; };
		FB5CBA0B2C442E4A003DF098 /* ProgressState.swift */ = {isa = PBXFileReference; lastKnownFileType = sourcecode.swift; path = ProgressState.swift; sourceTree = "<group>"; };
		FB5CBA0D2C443450003DF098 /* TemporaryNoteModel.swift */ = {isa = PBXFileReference; lastKnownFileType = sourcecode.swift; path = TemporaryNoteModel.swift; sourceTree = "<group>"; };
		FBA9D6B02C46213500BF7988 /* WidgetKit.framework */ = {isa = PBXFileReference; lastKnownFileType = wrapper.framework; name = WidgetKit.framework; path = System/Library/Frameworks/WidgetKit.framework; sourceTree = SDKROOT; };
		FBA9D6B22C46213500BF7988 /* SwiftUI.framework */ = {isa = PBXFileReference; lastKnownFileType = wrapper.framework; name = SwiftUI.framework; path = System/Library/Frameworks/SwiftUI.framework; sourceTree = SDKROOT; };
		FBA9D6C92C46215B00BF7988 /* NotesWidgetExtension.appex */ = {isa = PBXFileReference; explicitFileType = "wrapper.app-extension"; includeInIndex = 0; path = NotesWidgetExtension.appex; sourceTree = BUILT_PRODUCTS_DIR; };
		FBA9D6CD2C46215B00BF7988 /* NotesWidgetBundle.swift */ = {isa = PBXFileReference; lastKnownFileType = sourcecode.swift; path = NotesWidgetBundle.swift; sourceTree = "<group>"; };
		FBA9D6D12C46215B00BF7988 /* AppIntent.swift */ = {isa = PBXFileReference; lastKnownFileType = sourcecode.swift; path = AppIntent.swift; sourceTree = "<group>"; };
		FBA9D6D32C46215C00BF7988 /* Assets.xcassets */ = {isa = PBXFileReference; lastKnownFileType = folder.assetcatalog; path = Assets.xcassets; sourceTree = "<group>"; };
		FBA9D6D52C46215C00BF7988 /* Info.plist */ = {isa = PBXFileReference; lastKnownFileType = text.plist.xml; path = Info.plist; sourceTree = "<group>"; };
		FBA9D6DE2C46218D00BF7988 /* PersistenceController.swift */ = {isa = PBXFileReference; fileEncoding = 4; lastKnownFileType = sourcecode.swift; path = PersistenceController.swift; sourceTree = "<group>"; };
		FBA9D6E02C46268700BF7988 /* ImagePickerComponent.swift */ = {isa = PBXFileReference; lastKnownFileType = sourcecode.swift; path = ImagePickerComponent.swift; sourceTree = "<group>"; };
		FBA9D6E22C4626AB00BF7988 /* AudioRecorderComponent.swift */ = {isa = PBXFileReference; lastKnownFileType = sourcecode.swift; path = AudioRecorderComponent.swift; sourceTree = "<group>"; };
		FBA9D6E42C4627ED00BF7988 /* Info.plist */ = {isa = PBXFileReference; lastKnownFileType = text.plist; path = Info.plist; sourceTree = "<group>"; };
		FBA9D6EC2C467AD700BF7988 /* CellButtonEdit.swift */ = {isa = PBXFileReference; lastKnownFileType = sourcecode.swift; path = CellButtonEdit.swift; sourceTree = "<group>"; };
		FBA9D6F32C47836500BF7988 /* AnxietyLevelType.swift */ = {isa = PBXFileReference; lastKnownFileType = sourcecode.swift; path = AnxietyLevelType.swift; sourceTree = "<group>"; };
		FBA9D6F72C47843B00BF7988 /* TimePeriod.swift */ = {isa = PBXFileReference; lastKnownFileType = sourcecode.swift; path = TimePeriod.swift; sourceTree = "<group>"; };
		FBA9D6F92C4784D800BF7988 /* ChartView.swift */ = {isa = PBXFileReference; lastKnownFileType = sourcecode.swift; path = ChartView.swift; sourceTree = "<group>"; };
		FBA9D6FB2C47A6C800BF7988 /* NotificationManager.swift */ = {isa = PBXFileReference; fileEncoding = 4; lastKnownFileType = sourcecode.swift; path = NotificationManager.swift; sourceTree = "<group>"; };
		FBA9D6FD2C47B74700BF7988 /* AnalyticsView.swift */ = {isa = PBXFileReference; lastKnownFileType = sourcecode.swift; path = AnalyticsView.swift; sourceTree = "<group>"; };
		FBA9D7192C48361000BF7988 /* AnxietyTemporaryModel.swift */ = {isa = PBXFileReference; lastKnownFileType = sourcecode.swift; path = AnxietyTemporaryModel.swift; sourceTree = "<group>"; };
		FBCC49272C3F692E0022F62C /* EditNotesView.swift */ = {isa = PBXFileReference; fileEncoding = 4; lastKnownFileType = sourcecode.swift; path = EditNotesView.swift; sourceTree = "<group>"; };
		FBCC49282C3F692E0022F62C /* ListCellView.swift */ = {isa = PBXFileReference; fileEncoding = 4; lastKnownFileType = sourcecode.swift; path = ListCellView.swift; sourceTree = "<group>"; };
		FBCC49292C3F692E0022F62C /* TextEditorView.swift */ = {isa = PBXFileReference; fileEncoding = 4; lastKnownFileType = sourcecode.swift; path = TextEditorView.swift; sourceTree = "<group>"; };
		FBCC492F2C3F694B0022F62C /* Extensions.swift */ = {isa = PBXFileReference; fileEncoding = 4; lastKnownFileType = sourcecode.swift; path = Extensions.swift; sourceTree = "<group>"; };
		FBCC49312C3F695F0022F62C /* NotesViewModel.swift */ = {isa = PBXFileReference; fileEncoding = 4; lastKnownFileType = sourcecode.swift; path = NotesViewModel.swift; sourceTree = "<group>"; };
		FBCC493A2C3F70F20022F62C /* AppError.swift */ = {isa = PBXFileReference; lastKnownFileType = sourcecode.swift; path = AppError.swift; sourceTree = "<group>"; };
		FBECCD302C3D77D20089CEE8 /* HealthService.swift */ = {isa = PBXFileReference; lastKnownFileType = sourcecode.swift; path = HealthService.swift; sourceTree = "<group>"; };
		FBECCD322C3E453E0089CEE8 /* DependencyInjection.swift */ = {isa = PBXFileReference; lastKnownFileType = sourcecode.swift; path = DependencyInjection.swift; sourceTree = "<group>"; };
		FBECCD342C3E463B0089CEE8 /* LocalDataService.swift */ = {isa = PBXFileReference; lastKnownFileType = sourcecode.swift; path = LocalDataService.swift; sourceTree = "<group>"; };
		FBECCD362C3E836D0089CEE8 /* NotesAnxiety.entitlements */ = {isa = PBXFileReference; lastKnownFileType = text.plist.entitlements; path = NotesAnxiety.entitlements; sourceTree = "<group>"; };
		FBF68B892C44686100689EC2 /* InsightView.swift */ = {isa = PBXFileReference; lastKnownFileType = sourcecode.swift; path = InsightView.swift; sourceTree = "<group>"; };
		FBF68B8B2C446A8000689EC2 /* DataPointModel.swift */ = {isa = PBXFileReference; lastKnownFileType = sourcecode.swift; path = DataPointModel.swift; sourceTree = "<group>"; };
/* End PBXFileReference section */

/* Begin PBXFrameworksBuildPhase section */
		FB3BF60C2C3BB29300A9406D /* Frameworks */ = {
			isa = PBXFrameworksBuildPhase;
			buildActionMask = 2147483647;
			files = (
			);
			runOnlyForDeploymentPostprocessing = 0;
		};
		FBA9D6C62C46215A00BF7988 /* Frameworks */ = {
			isa = PBXFrameworksBuildPhase;
			buildActionMask = 2147483647;
			files = (
				FBA9D6CB2C46215B00BF7988 /* SwiftUI.framework in Frameworks */,
				FBA9D6CA2C46215B00BF7988 /* WidgetKit.framework in Frameworks */,
			);
			runOnlyForDeploymentPostprocessing = 0;
		};
/* End PBXFrameworksBuildPhase section */

/* Begin PBXGroup section */
		FB3BF6062C3BB29300A9406D = {
			isa = PBXGroup;
			children = (
				FB3BF6112C3BB29300A9406D /* NotesAnxiety */,
				FBA9D6CC2C46215B00BF7988 /* NotesWidget */,
				FBA9D6AF2C46213500BF7988 /* Frameworks */,
				FB3BF6102C3BB29300A9406D /* Products */,
			);
			sourceTree = "<group>";
		};
		FB3BF6102C3BB29300A9406D /* Products */ = {
			isa = PBXGroup;
			children = (
				FB3BF60F2C3BB29300A9406D /* NotesAnxiety.app */,
				FBA9D6C92C46215B00BF7988 /* NotesWidgetExtension.appex */,
			);
			name = Products;
			sourceTree = "<group>";
		};
		FB3BF6112C3BB29300A9406D /* NotesAnxiety */ = {
			isa = PBXGroup;
			children = (
				FBA9D6E42C4627ED00BF7988 /* Info.plist */,
				FBECCD362C3E836D0089CEE8 /* NotesAnxiety.entitlements */,
				FB3BF6252C3BB77500A9406D /* Models */,
				FB3BF6242C3BB70100A9406D /* Data */,
				FB3BF6232C3BB6D500A9406D /* Utils */,
				FB3BF6212C3BB6B600A9406D /* ViewModels */,
				FB3BF6202C3BB5E700A9406D /* Views */,
				FB3BF6122C3BB29300A9406D /* NotesAnxietyApp.swift */,
				FB3BF6162C3BB29400A9406D /* Assets.xcassets */,
				FB3BF6182C3BB29400A9406D /* Preview Content */,
			);
			path = NotesAnxiety;
			sourceTree = "<group>";
		};
		FB3BF6182C3BB29400A9406D /* Preview Content */ = {
			isa = PBXGroup;
			children = (
				FB3BF6192C3BB29400A9406D /* Preview Assets.xcassets */,
			);
			path = "Preview Content";
			sourceTree = "<group>";
		};
		FB3BF6202C3BB5E700A9406D /* Views */ = {
			isa = PBXGroup;
			children = (
				FB5CBA092C441B2E003DF098 /* HistoryNotesView.swift */,
				FBCC49272C3F692E0022F62C /* EditNotesView.swift */,
				FBF68B892C44686100689EC2 /* InsightView.swift */,
				FB3BF6142C3BB29300A9406D /* ContentView.swift */,
				FB3BF6222C3BB6C400A9406D /* Components */,
			);
			path = Views;
			sourceTree = "<group>";
		};
		FB3BF6212C3BB6B600A9406D /* ViewModels */ = {
			isa = PBXGroup;
			children = (
				FBCC49312C3F695F0022F62C /* NotesViewModel.swift */,
			);
			path = ViewModels;
			sourceTree = "<group>";
		};
		FB3BF6222C3BB6C400A9406D /* Components */ = {
			isa = PBXGroup;
			children = (
				FBCC49282C3F692E0022F62C /* ListCellView.swift */,
				FBCC49292C3F692E0022F62C /* TextEditorView.swift */,
				FBA9D6E02C46268700BF7988 /* ImagePickerComponent.swift */,
				FBA9D6E22C4626AB00BF7988 /* AudioRecorderComponent.swift */,
				FBA9D6EC2C467AD700BF7988 /* CellButtonEdit.swift */,
				FBA9D6F92C4784D800BF7988 /* ChartView.swift */,
				FBA9D6FD2C47B74700BF7988 /* AnalyticsView.swift */,
				B5B35EEA2C47F7CE00DB701E /* CategoryView.swift */,
				B5B35EEC2C47F7DB00DB701E /* StatusView.swift */,
				B5B35EEE2C47F7F400DB701E /* StatusComponent.swift */,
				B5B35EF02C47F80100DB701E /* CategoryComponent.swift */,
				B5B35EF22C47F80E00DB701E /* LogComponent.swift */,
				B5B35EF42C47F81A00DB701E /* LogView.swift */,
			);
			path = Components;
			sourceTree = "<group>";
		};
		FB3BF6232C3BB6D500A9406D /* Utils */ = {
			isa = PBXGroup;
			children = (
				FBA9D6FB2C47A6C800BF7988 /* NotificationManager.swift */,
				FBCC492F2C3F694B0022F62C /* Extensions.swift */,
				FBECCD322C3E453E0089CEE8 /* DependencyInjection.swift */,
				FBCC493A2C3F70F20022F62C /* AppError.swift */,
				FB5CBA0B2C442E4A003DF098 /* ProgressState.swift */,
			);
			path = Utils;
			sourceTree = "<group>";
		};
		FB3BF6242C3BB70100A9406D /* Data */ = {
			isa = PBXGroup;
			children = (
				FBCC49332C3F6CA70022F62C /* CoreData Container */,
				FBECCD302C3D77D20089CEE8 /* HealthService.swift */,
				FBECCD342C3E463B0089CEE8 /* LocalDataService.swift */,
			);
			path = Data;
			sourceTree = "<group>";
		};
		FB3BF6252C3BB77500A9406D /* Models */ = {
			isa = PBXGroup;
			children = (
				FB5CBA0D2C443450003DF098 /* TemporaryNoteModel.swift */,
				FBF68B8B2C446A8000689EC2 /* DataPointModel.swift */,
				FBA9D6F32C47836500BF7988 /* AnxietyLevelType.swift */,
				FBA9D6F72C47843B00BF7988 /* TimePeriod.swift */,
				FBA9D7192C48361000BF7988 /* AnxietyTemporaryModel.swift */,
			);
			path = Models;
			sourceTree = "<group>";
		};
		FBA9D6AF2C46213500BF7988 /* Frameworks */ = {
			isa = PBXGroup;
			children = (
				FBA9D6B02C46213500BF7988 /* WidgetKit.framework */,
				FBA9D6B22C46213500BF7988 /* SwiftUI.framework */,
			);
			name = Frameworks;
			sourceTree = "<group>";
		};
		FBA9D6CC2C46215B00BF7988 /* NotesWidget */ = {
			isa = PBXGroup;
			children = (
				FBA9D6DE2C46218D00BF7988 /* PersistenceController.swift */,
				FBA9D6CD2C46215B00BF7988 /* NotesWidgetBundle.swift */,
				FBA9D6D12C46215B00BF7988 /* AppIntent.swift */,
				FBA9D6D32C46215C00BF7988 /* Assets.xcassets */,
				FBA9D6D52C46215C00BF7988 /* Info.plist */,
			);
			path = NotesWidget;
			sourceTree = "<group>";
		};
		FBCC49332C3F6CA70022F62C /* CoreData Container */ = {
			isa = PBXGroup;
			children = (
				B5012AFF2C47F4CD00C39BF9 /* NotesContainer.xcdatamodeld */,
			);
			path = "CoreData Container";
			sourceTree = "<group>";
		};
/* End PBXGroup section */

/* Begin PBXNativeTarget section */
		FB3BF60E2C3BB29300A9406D /* NotesAnxiety */ = {
			isa = PBXNativeTarget;
			buildConfigurationList = FB3BF61D2C3BB29400A9406D /* Build configuration list for PBXNativeTarget "NotesAnxiety" */;
			buildPhases = (
				FB3BF60B2C3BB29300A9406D /* Sources */,
				FB3BF60C2C3BB29300A9406D /* Frameworks */,
				FB3BF60D2C3BB29300A9406D /* Resources */,
				FBA9D6C42C46213600BF7988 /* Embed Foundation Extensions */,
			);
			buildRules = (
			);
			dependencies = (
				FBA9D6D72C46215C00BF7988 /* PBXTargetDependency */,
			);
			name = NotesAnxiety;
			productName = NotesAnxiety;
			productReference = FB3BF60F2C3BB29300A9406D /* NotesAnxiety.app */;
			productType = "com.apple.product-type.application";
		};
		FBA9D6C82C46215A00BF7988 /* NotesWidgetExtension */ = {
			isa = PBXNativeTarget;
			buildConfigurationList = FBA9D6D92C46215C00BF7988 /* Build configuration list for PBXNativeTarget "NotesWidgetExtension" */;
			buildPhases = (
				FBA9D6C52C46215A00BF7988 /* Sources */,
				FBA9D6C62C46215A00BF7988 /* Frameworks */,
				FBA9D6C72C46215A00BF7988 /* Resources */,
			);
			buildRules = (
			);
			dependencies = (
			);
			name = NotesWidgetExtension;
			productName = NotesWidgetExtension;
			productReference = FBA9D6C92C46215B00BF7988 /* NotesWidgetExtension.appex */;
			productType = "com.apple.product-type.app-extension";
		};
/* End PBXNativeTarget section */

/* Begin PBXProject section */
		FB3BF6072C3BB29300A9406D /* Project object */ = {
			isa = PBXProject;
			attributes = {
				BuildIndependentTargetsInParallel = 1;
				LastSwiftUpdateCheck = 1540;
				LastUpgradeCheck = 1540;
				TargetAttributes = {
					FB3BF60E2C3BB29300A9406D = {
						CreatedOnToolsVersion = 15.4;
					};
					FBA9D6C82C46215A00BF7988 = {
						CreatedOnToolsVersion = 15.4;
					};
				};
			};
			buildConfigurationList = FB3BF60A2C3BB29300A9406D /* Build configuration list for PBXProject "NotesAnxiety" */;
			compatibilityVersion = "Xcode 14.0";
			developmentRegion = en;
			hasScannedForEncodings = 0;
			knownRegions = (
				en,
				Base,
			);
			mainGroup = FB3BF6062C3BB29300A9406D;
			productRefGroup = FB3BF6102C3BB29300A9406D /* Products */;
			projectDirPath = "";
			projectRoot = "";
			targets = (
				FB3BF60E2C3BB29300A9406D /* NotesAnxiety */,
				FBA9D6C82C46215A00BF7988 /* NotesWidgetExtension */,
			);
		};
/* End PBXProject section */

/* Begin PBXResourcesBuildPhase section */
		FB3BF60D2C3BB29300A9406D /* Resources */ = {
			isa = PBXResourcesBuildPhase;
			buildActionMask = 2147483647;
			files = (
				FB3BF61A2C3BB29400A9406D /* Preview Assets.xcassets in Resources */,
				FB3BF6172C3BB29400A9406D /* Assets.xcassets in Resources */,
			);
			runOnlyForDeploymentPostprocessing = 0;
		};
		FBA9D6C72C46215A00BF7988 /* Resources */ = {
			isa = PBXResourcesBuildPhase;
			buildActionMask = 2147483647;
			files = (
				FBA9D6D42C46215C00BF7988 /* Assets.xcassets in Resources */,
			);
			runOnlyForDeploymentPostprocessing = 0;
		};
/* End PBXResourcesBuildPhase section */

/* Begin PBXSourcesBuildPhase section */
		FB3BF60B2C3BB29300A9406D /* Sources */ = {
			isa = PBXSourcesBuildPhase;
			buildActionMask = 2147483647;
			files = (
				FBA9D6E32C4626AB00BF7988 /* AudioRecorderComponent.swift in Sources */,
				FB5CBA0E2C443450003DF098 /* TemporaryNoteModel.swift in Sources */,
				B5B35EF32C47F80E00DB701E /* LogComponent.swift in Sources */,
				B5B35EEF2C47F7F400DB701E /* StatusComponent.swift in Sources */,
				FB3BF6152C3BB29300A9406D /* ContentView.swift in Sources */,
				B5B35EF52C47F81A00DB701E /* LogView.swift in Sources */,
				FBCC492C2C3F692E0022F62C /* ListCellView.swift in Sources */,
				FB3BF6132C3BB29300A9406D /* NotesAnxietyApp.swift in Sources */,
				FBA9D6F82C47843B00BF7988 /* TimePeriod.swift in Sources */,
				B5B35EF12C47F80100DB701E /* CategoryComponent.swift in Sources */,
				FBCC493B2C3F70F20022F62C /* AppError.swift in Sources */,
				FBCC49322C3F695F0022F62C /* NotesViewModel.swift in Sources */,
				FBCC492B2C3F692E0022F62C /* EditNotesView.swift in Sources */,
				FB5CBA0A2C441B2E003DF098 /* HistoryNotesView.swift in Sources */,
				FB5CBA0C2C442E4A003DF098 /* ProgressState.swift in Sources */,
				FBA9D6FE2C47B74700BF7988 /* AnalyticsView.swift in Sources */,
				FBA9D71A2C48361000BF7988 /* AnxietyTemporaryModel.swift in Sources */,
				FBF68B8C2C446A8000689EC2 /* DataPointModel.swift in Sources */,
				FBECCD352C3E463B0089CEE8 /* LocalDataService.swift in Sources */,
				B5012B012C47F4CD00C39BF9 /* NotesContainer.xcdatamodeld in Sources */,
				FBA9D6DF2C46218D00BF7988 /* PersistenceController.swift in Sources */,
				FBCC49302C3F694B0022F62C /* Extensions.swift in Sources */,
				FBA9D6F42C47836500BF7988 /* AnxietyLevelType.swift in Sources */,
				B5B35EED2C47F7DB00DB701E /* StatusView.swift in Sources */,
				FBECCD332C3E453E0089CEE8 /* DependencyInjection.swift in Sources */,
				FBF68B8A2C44686100689EC2 /* InsightView.swift in Sources */,
				FBA9D6E12C46268700BF7988 /* ImagePickerComponent.swift in Sources */,
				FBCC492D2C3F692E0022F62C /* TextEditorView.swift in Sources */,
				FBECCD312C3D77D20089CEE8 /* HealthService.swift in Sources */,
				FBA9D6FC2C47A6C800BF7988 /* NotificationManager.swift in Sources */,
				FBA9D6ED2C467AD700BF7988 /* CellButtonEdit.swift in Sources */,
				FBA9D6FA2C4784D800BF7988 /* ChartView.swift in Sources */,
				B5B35EEB2C47F7CE00DB701E /* CategoryView.swift in Sources */,
			);
			runOnlyForDeploymentPostprocessing = 0;
		};
		FBA9D6C52C46215A00BF7988 /* Sources */ = {
			isa = PBXSourcesBuildPhase;
			buildActionMask = 2147483647;
			files = (
				FBA9D6CE2C46215B00BF7988 /* NotesWidgetBundle.swift in Sources */,
				FBA9D6D22C46215B00BF7988 /* AppIntent.swift in Sources */,
				B5012B022C47F4D300C39BF9 /* NotesContainer.xcdatamodeld in Sources */,
			);
			runOnlyForDeploymentPostprocessing = 0;
		};
/* End PBXSourcesBuildPhase section */

/* Begin PBXTargetDependency section */
		FBA9D6D72C46215C00BF7988 /* PBXTargetDependency */ = {
			isa = PBXTargetDependency;
			target = FBA9D6C82C46215A00BF7988 /* NotesWidgetExtension */;
			targetProxy = FBA9D6D62C46215C00BF7988 /* PBXContainerItemProxy */;
		};
/* End PBXTargetDependency section */

/* Begin XCBuildConfiguration section */
		FB3BF61B2C3BB29400A9406D /* Debug */ = {
			isa = XCBuildConfiguration;
			buildSettings = {
				ALWAYS_SEARCH_USER_PATHS = NO;
				ASSETCATALOG_COMPILER_GENERATE_SWIFT_ASSET_SYMBOL_EXTENSIONS = YES;
				CLANG_ANALYZER_NONNULL = YES;
				CLANG_ANALYZER_NUMBER_OBJECT_CONVERSION = YES_AGGRESSIVE;
				CLANG_CXX_LANGUAGE_STANDARD = "gnu++20";
				CLANG_ENABLE_MODULES = YES;
				CLANG_ENABLE_OBJC_ARC = YES;
				CLANG_ENABLE_OBJC_WEAK = YES;
				CLANG_WARN_BLOCK_CAPTURE_AUTORELEASING = YES;
				CLANG_WARN_BOOL_CONVERSION = YES;
				CLANG_WARN_COMMA = YES;
				CLANG_WARN_CONSTANT_CONVERSION = YES;
				CLANG_WARN_DEPRECATED_OBJC_IMPLEMENTATIONS = YES;
				CLANG_WARN_DIRECT_OBJC_ISA_USAGE = YES_ERROR;
				CLANG_WARN_DOCUMENTATION_COMMENTS = YES;
				CLANG_WARN_EMPTY_BODY = YES;
				CLANG_WARN_ENUM_CONVERSION = YES;
				CLANG_WARN_INFINITE_RECURSION = YES;
				CLANG_WARN_INT_CONVERSION = YES;
				CLANG_WARN_NON_LITERAL_NULL_CONVERSION = YES;
				CLANG_WARN_OBJC_IMPLICIT_RETAIN_SELF = YES;
				CLANG_WARN_OBJC_LITERAL_CONVERSION = YES;
				CLANG_WARN_OBJC_ROOT_CLASS = YES_ERROR;
				CLANG_WARN_QUOTED_INCLUDE_IN_FRAMEWORK_HEADER = YES;
				CLANG_WARN_RANGE_LOOP_ANALYSIS = YES;
				CLANG_WARN_STRICT_PROTOTYPES = YES;
				CLANG_WARN_SUSPICIOUS_MOVE = YES;
				CLANG_WARN_UNGUARDED_AVAILABILITY = YES_AGGRESSIVE;
				CLANG_WARN_UNREACHABLE_CODE = YES;
				CLANG_WARN__DUPLICATE_METHOD_MATCH = YES;
				COPY_PHASE_STRIP = NO;
				DEBUG_INFORMATION_FORMAT = dwarf;
				ENABLE_STRICT_OBJC_MSGSEND = YES;
				ENABLE_TESTABILITY = YES;
				ENABLE_USER_SCRIPT_SANDBOXING = YES;
				GCC_C_LANGUAGE_STANDARD = gnu17;
				GCC_DYNAMIC_NO_PIC = NO;
				GCC_NO_COMMON_BLOCKS = YES;
				GCC_OPTIMIZATION_LEVEL = 0;
				GCC_PREPROCESSOR_DEFINITIONS = (
					"DEBUG=1",
					"$(inherited)",
				);
				GCC_WARN_64_TO_32_BIT_CONVERSION = YES;
				GCC_WARN_ABOUT_RETURN_TYPE = YES_ERROR;
				GCC_WARN_UNDECLARED_SELECTOR = YES;
				GCC_WARN_UNINITIALIZED_AUTOS = YES_AGGRESSIVE;
				GCC_WARN_UNUSED_FUNCTION = YES;
				GCC_WARN_UNUSED_VARIABLE = YES;
				IPHONEOS_DEPLOYMENT_TARGET = 17.5;
				LOCALIZATION_PREFERS_STRING_CATALOGS = YES;
				MTL_ENABLE_DEBUG_INFO = INCLUDE_SOURCE;
				MTL_FAST_MATH = YES;
				ONLY_ACTIVE_ARCH = YES;
				SDKROOT = iphoneos;
				SWIFT_ACTIVE_COMPILATION_CONDITIONS = "DEBUG $(inherited)";
				SWIFT_OPTIMIZATION_LEVEL = "-Onone";
			};
			name = Debug;
		};
		FB3BF61C2C3BB29400A9406D /* Release */ = {
			isa = XCBuildConfiguration;
			buildSettings = {
				ALWAYS_SEARCH_USER_PATHS = NO;
				ASSETCATALOG_COMPILER_GENERATE_SWIFT_ASSET_SYMBOL_EXTENSIONS = YES;
				CLANG_ANALYZER_NONNULL = YES;
				CLANG_ANALYZER_NUMBER_OBJECT_CONVERSION = YES_AGGRESSIVE;
				CLANG_CXX_LANGUAGE_STANDARD = "gnu++20";
				CLANG_ENABLE_MODULES = YES;
				CLANG_ENABLE_OBJC_ARC = YES;
				CLANG_ENABLE_OBJC_WEAK = YES;
				CLANG_WARN_BLOCK_CAPTURE_AUTORELEASING = YES;
				CLANG_WARN_BOOL_CONVERSION = YES;
				CLANG_WARN_COMMA = YES;
				CLANG_WARN_CONSTANT_CONVERSION = YES;
				CLANG_WARN_DEPRECATED_OBJC_IMPLEMENTATIONS = YES;
				CLANG_WARN_DIRECT_OBJC_ISA_USAGE = YES_ERROR;
				CLANG_WARN_DOCUMENTATION_COMMENTS = YES;
				CLANG_WARN_EMPTY_BODY = YES;
				CLANG_WARN_ENUM_CONVERSION = YES;
				CLANG_WARN_INFINITE_RECURSION = YES;
				CLANG_WARN_INT_CONVERSION = YES;
				CLANG_WARN_NON_LITERAL_NULL_CONVERSION = YES;
				CLANG_WARN_OBJC_IMPLICIT_RETAIN_SELF = YES;
				CLANG_WARN_OBJC_LITERAL_CONVERSION = YES;
				CLANG_WARN_OBJC_ROOT_CLASS = YES_ERROR;
				CLANG_WARN_QUOTED_INCLUDE_IN_FRAMEWORK_HEADER = YES;
				CLANG_WARN_RANGE_LOOP_ANALYSIS = YES;
				CLANG_WARN_STRICT_PROTOTYPES = YES;
				CLANG_WARN_SUSPICIOUS_MOVE = YES;
				CLANG_WARN_UNGUARDED_AVAILABILITY = YES_AGGRESSIVE;
				CLANG_WARN_UNREACHABLE_CODE = YES;
				CLANG_WARN__DUPLICATE_METHOD_MATCH = YES;
				COPY_PHASE_STRIP = NO;
				DEBUG_INFORMATION_FORMAT = "dwarf-with-dsym";
				ENABLE_NS_ASSERTIONS = NO;
				ENABLE_STRICT_OBJC_MSGSEND = YES;
				ENABLE_USER_SCRIPT_SANDBOXING = YES;
				GCC_C_LANGUAGE_STANDARD = gnu17;
				GCC_NO_COMMON_BLOCKS = YES;
				GCC_WARN_64_TO_32_BIT_CONVERSION = YES;
				GCC_WARN_ABOUT_RETURN_TYPE = YES_ERROR;
				GCC_WARN_UNDECLARED_SELECTOR = YES;
				GCC_WARN_UNINITIALIZED_AUTOS = YES_AGGRESSIVE;
				GCC_WARN_UNUSED_FUNCTION = YES;
				GCC_WARN_UNUSED_VARIABLE = YES;
				IPHONEOS_DEPLOYMENT_TARGET = 17.5;
				LOCALIZATION_PREFERS_STRING_CATALOGS = YES;
				MTL_ENABLE_DEBUG_INFO = NO;
				MTL_FAST_MATH = YES;
				SDKROOT = iphoneos;
				SWIFT_COMPILATION_MODE = wholemodule;
				VALIDATE_PRODUCT = YES;
			};
			name = Release;
		};
		FB3BF61E2C3BB29400A9406D /* Debug */ = {
			isa = XCBuildConfiguration;
			buildSettings = {
				ALWAYS_EMBED_SWIFT_STANDARD_LIBRARIES = YES;
				ASSETCATALOG_COMPILER_APPICON_NAME = AppIcon;
				ASSETCATALOG_COMPILER_GLOBAL_ACCENT_COLOR_NAME = AccentColor;
				CODE_SIGN_ENTITLEMENTS = NotesAnxiety/NotesAnxiety.entitlements;
				CODE_SIGN_STYLE = Automatic;
				CURRENT_PROJECT_VERSION = 1;
				DEVELOPMENT_ASSET_PATHS = "\"NotesAnxiety/Preview Content\"";
				DEVELOPMENT_TEAM = 68FP6TZ275;
				ENABLE_PREVIEWS = YES;
				GENERATE_INFOPLIST_FILE = YES;
				INFOPLIST_FILE = NotesAnxiety/Info.plist;
				INFOPLIST_KEY_CFBundleDisplayName = Uncloud;
				INFOPLIST_KEY_NSCameraUsageDescription = "Camera Permission";
				INFOPLIST_KEY_NSHealthClinicalHealthRecordsShareUsageDescription = "Health Permission";
				INFOPLIST_KEY_NSHealthShareUsageDescription = "Health Permission";
				INFOPLIST_KEY_NSHealthUpdateUsageDescription = "Health Permission";
				INFOPLIST_KEY_NSMicrophoneUsageDescription = "Microphone Permission";
				INFOPLIST_KEY_NSPhotoLibraryUsageDescription = "Gallery Permission";
				INFOPLIST_KEY_UIApplicationSceneManifest_Generation = YES;
				INFOPLIST_KEY_UIApplicationSupportsIndirectInputEvents = YES;
				INFOPLIST_KEY_UILaunchScreen_Generation = YES;
				INFOPLIST_KEY_UISupportedInterfaceOrientations = UIInterfaceOrientationPortrait;
				INFOPLIST_KEY_UISupportedInterfaceOrientations_iPad = "UIInterfaceOrientationLandscapeLeft UIInterfaceOrientationLandscapeRight UIInterfaceOrientationPortrait UIInterfaceOrientationPortraitUpsideDown";
				IPHONEOS_DEPLOYMENT_TARGET = 17.2;
				LD_RUNPATH_SEARCH_PATHS = (
					"$(inherited)",
					"@executable_path/Frameworks",
				);
				MARKETING_VERSION = 1.0;
				PRODUCT_BUNDLE_IDENTIFIER = com.yellow40.NotesAnxiety;
				PRODUCT_NAME = "$(TARGET_NAME)";
				SWIFT_EMIT_LOC_STRINGS = YES;
				SWIFT_VERSION = 5.0;
				TARGETED_DEVICE_FAMILY = "1,2";
			};
			name = Debug;
		};
		FB3BF61F2C3BB29400A9406D /* Release */ = {
			isa = XCBuildConfiguration;
			buildSettings = {
				ALWAYS_EMBED_SWIFT_STANDARD_LIBRARIES = YES;
				ASSETCATALOG_COMPILER_APPICON_NAME = AppIcon;
				ASSETCATALOG_COMPILER_GLOBAL_ACCENT_COLOR_NAME = AccentColor;
				CODE_SIGN_ENTITLEMENTS = NotesAnxiety/NotesAnxiety.entitlements;
				CODE_SIGN_STYLE = Automatic;
				CURRENT_PROJECT_VERSION = 1;
				DEVELOPMENT_ASSET_PATHS = "\"NotesAnxiety/Preview Content\"";
				DEVELOPMENT_TEAM = 68FP6TZ275;
				ENABLE_PREVIEWS = YES;
				GENERATE_INFOPLIST_FILE = YES;
				INFOPLIST_FILE = NotesAnxiety/Info.plist;
				INFOPLIST_KEY_CFBundleDisplayName = Uncloud;
				INFOPLIST_KEY_NSCameraUsageDescription = "Camera Permission";
				INFOPLIST_KEY_NSHealthClinicalHealthRecordsShareUsageDescription = "Health Permission";
				INFOPLIST_KEY_NSHealthShareUsageDescription = "Health Permission";
				INFOPLIST_KEY_NSHealthUpdateUsageDescription = "Health Permission";
				INFOPLIST_KEY_NSMicrophoneUsageDescription = "Microphone Permission";
				INFOPLIST_KEY_NSPhotoLibraryUsageDescription = "Gallery Permission";
				INFOPLIST_KEY_UIApplicationSceneManifest_Generation = YES;
				INFOPLIST_KEY_UIApplicationSupportsIndirectInputEvents = YES;
				INFOPLIST_KEY_UILaunchScreen_Generation = YES;
				INFOPLIST_KEY_UISupportedInterfaceOrientations = UIInterfaceOrientationPortrait;
				INFOPLIST_KEY_UISupportedInterfaceOrientations_iPad = "UIInterfaceOrientationLandscapeLeft UIInterfaceOrientationLandscapeRight UIInterfaceOrientationPortrait UIInterfaceOrientationPortraitUpsideDown";
				IPHONEOS_DEPLOYMENT_TARGET = 17.2;
				LD_RUNPATH_SEARCH_PATHS = (
					"$(inherited)",
					"@executable_path/Frameworks",
				);
				MARKETING_VERSION = 1.0;
				PRODUCT_BUNDLE_IDENTIFIER = com.yellow40.NotesAnxiety;
				PRODUCT_NAME = "$(TARGET_NAME)";
				SWIFT_EMIT_LOC_STRINGS = YES;
				SWIFT_VERSION = 5.0;
				TARGETED_DEVICE_FAMILY = "1,2";
			};
			name = Release;
		};
		FBA9D6DA2C46215C00BF7988 /* Debug */ = {
			isa = XCBuildConfiguration;
			buildSettings = {
				ASSETCATALOG_COMPILER_GLOBAL_ACCENT_COLOR_NAME = AccentColor;
				ASSETCATALOG_COMPILER_WIDGET_BACKGROUND_COLOR_NAME = WidgetBackground;
				CODE_SIGN_STYLE = Automatic;
				CURRENT_PROJECT_VERSION = 1;
				DEVELOPMENT_TEAM = 68FP6TZ275;
				GENERATE_INFOPLIST_FILE = YES;
				INFOPLIST_FILE = NotesWidget/Info.plist;
				INFOPLIST_KEY_CFBundleDisplayName = NotesWidget;
				INFOPLIST_KEY_NSHumanReadableCopyright = "";
				IPHONEOS_DEPLOYMENT_TARGET = 17.2;
				LD_RUNPATH_SEARCH_PATHS = (
					"$(inherited)",
					"@executable_path/Frameworks",
					"@executable_path/../../Frameworks",
				);
				MARKETING_VERSION = 1.0;
				PRODUCT_BUNDLE_IDENTIFIER = com.yellow40.NotesAnxiety.NotesWidget;
				PRODUCT_NAME = "$(TARGET_NAME)";
				SKIP_INSTALL = YES;
				SWIFT_EMIT_LOC_STRINGS = YES;
				SWIFT_VERSION = 5.0;
				TARGETED_DEVICE_FAMILY = "1,2";
			};
			name = Debug;
		};
		FBA9D6DB2C46215C00BF7988 /* Release */ = {
			isa = XCBuildConfiguration;
			buildSettings = {
				ASSETCATALOG_COMPILER_GLOBAL_ACCENT_COLOR_NAME = AccentColor;
				ASSETCATALOG_COMPILER_WIDGET_BACKGROUND_COLOR_NAME = WidgetBackground;
				CODE_SIGN_STYLE = Automatic;
				CURRENT_PROJECT_VERSION = 1;
				DEVELOPMENT_TEAM = 68FP6TZ275;
				GENERATE_INFOPLIST_FILE = YES;
				INFOPLIST_FILE = NotesWidget/Info.plist;
				INFOPLIST_KEY_CFBundleDisplayName = NotesWidget;
				INFOPLIST_KEY_NSHumanReadableCopyright = "";
				IPHONEOS_DEPLOYMENT_TARGET = 17.2;
				LD_RUNPATH_SEARCH_PATHS = (
					"$(inherited)",
					"@executable_path/Frameworks",
					"@executable_path/../../Frameworks",
				);
				MARKETING_VERSION = 1.0;
				PRODUCT_BUNDLE_IDENTIFIER = com.yellow40.NotesAnxiety.NotesWidget;
				PRODUCT_NAME = "$(TARGET_NAME)";
				SKIP_INSTALL = YES;
				SWIFT_EMIT_LOC_STRINGS = YES;
				SWIFT_VERSION = 5.0;
				TARGETED_DEVICE_FAMILY = "1,2";
			};
			name = Release;
		};
/* End XCBuildConfiguration section */

/* Begin XCConfigurationList section */
		FB3BF60A2C3BB29300A9406D /* Build configuration list for PBXProject "NotesAnxiety" */ = {
			isa = XCConfigurationList;
			buildConfigurations = (
				FB3BF61B2C3BB29400A9406D /* Debug */,
				FB3BF61C2C3BB29400A9406D /* Release */,
			);
			defaultConfigurationIsVisible = 0;
			defaultConfigurationName = Release;
		};
		FB3BF61D2C3BB29400A9406D /* Build configuration list for PBXNativeTarget "NotesAnxiety" */ = {
			isa = XCConfigurationList;
			buildConfigurations = (
				FB3BF61E2C3BB29400A9406D /* Debug */,
				FB3BF61F2C3BB29400A9406D /* Release */,
			);
			defaultConfigurationIsVisible = 0;
			defaultConfigurationName = Release;
		};
		FBA9D6D92C46215C00BF7988 /* Build configuration list for PBXNativeTarget "NotesWidgetExtension" */ = {
			isa = XCConfigurationList;
			buildConfigurations = (
				FBA9D6DA2C46215C00BF7988 /* Debug */,
				FBA9D6DB2C46215C00BF7988 /* Release */,
			);
			defaultConfigurationIsVisible = 0;
			defaultConfigurationName = Release;
		};
/* End XCConfigurationList section */

/* Begin XCVersionGroup section */
		B5012AFF2C47F4CD00C39BF9 /* NotesContainer.xcdatamodeld */ = {
			isa = XCVersionGroup;
			children = (
				B5012B002C47F4CD00C39BF9 /* NotesContainer.xcdatamodel */,
			);
			currentVersion = B5012B002C47F4CD00C39BF9 /* NotesContainer.xcdatamodel */;
			path = NotesContainer.xcdatamodeld;
			sourceTree = "<group>";
			versionGroupType = wrapper.xcdatamodel;
		};
/* End XCVersionGroup section */
	};
	rootObject = FB3BF6072C3BB29300A9406D /* Project object */;
}
